
Microsoft Visual Studio Solution File, Format Version 12.00
# Visual Studio Version 16
VisualStudioVersion = 16.0.31112.23
MinimumVisualStudioVersion = 10.0.40219.1
Project("{9A19103F-16F7-4668-BE54-9A1E7A4F7556}") = "MiniURL", "MiniURL\MiniURL.csproj", "{748A02B0-4184-4F8B-90EA-3F160237B485}"
EndProject
Project("{9A19103F-16F7-4668-BE54-9A1E7A4F7556}") = "MiniURL.Core", "MiniURL.Core\MiniURL.Core.csproj", "{6442DD74-425B-4D26-B1FA-65B08E0097F9}"
EndProject
Project("{9A19103F-16F7-4668-BE54-9A1E7A4F7556}") = "MiniURL.Tests.Core", "MiniURL.Tests.Core\MiniURL.Tests.Core.csproj", "{214FF92F-1EEC-4E68-A9DB-4EA993D986EE}"
EndProject
Project("{9A19103F-16F7-4668-BE54-9A1E7A4F7556}") = "MiniURL.Services", "MiniURL.Services\MiniURL.Services.csproj", "{522DBFE8-CC57-48F1-9DCB-23F305050C86}"
EndProject
Project("{FAE04EC0-301F-11D3-BF4B-00C04F79EFBC}") = "MiniURL.Tests.Services", "MiniURL.Tests.Services\MiniURL.Tests.Services.csproj", "{B7B4D148-BE77-42BC-990B-F4C5F9DFF62F}"
EndProject
Global
	GlobalSection(SolutionConfigurationPlatforms) = preSolution
		Debug|Any CPU = Debug|Any CPU
		Release|Any CPU = Release|Any CPU
	EndGlobalSection
	GlobalSection(ProjectConfigurationPlatforms) = postSolution
		{748A02B0-4184-4F8B-90EA-3F160237B485}.Debug|Any CPU.ActiveCfg = Debug|Any CPU
		{748A02B0-4184-4F8B-90EA-3F160237B485}.Debug|Any CPU.Build.0 = Debug|Any CPU
		{748A02B0-4184-4F8B-90EA-3F160237B485}.Release|Any CPU.ActiveCfg = Release|Any CPU
		{748A02B0-4184-4F8B-90EA-3F160237B485}.Release|Any CPU.Build.0 = Release|Any CPU
		{6442DD74-425B-4D26-B1FA-65B08E0097F9}.Debug|Any CPU.ActiveCfg = Debug|Any CPU
		{6442DD74-425B-4D26-B1FA-65B08E0097F9}.Debug|Any CPU.Build.0 = Debug|Any CPU
		{6442DD74-425B-4D26-B1FA-65B08E0097F9}.Release|Any CPU.ActiveCfg = Release|Any CPU
		{6442DD74-425B-4D26-B1FA-65B08E0097F9}.Release|Any CPU.Build.0 = Release|Any CPU
		{214FF92F-1EEC-4E68-A9DB-4EA993D986EE}.Debug|Any CPU.ActiveCfg = Debug|Any CPU
		{214FF92F-1EEC-4E68-A9DB-4EA993D986EE}.Debug|Any CPU.Build.0 = Debug|Any CPU
		{214FF92F-1EEC-4E68-A9DB-4EA993D986EE}.Release|Any CPU.ActiveCfg = Release|Any CPU
		{214FF92F-1EEC-4E68-A9DB-4EA993D986EE}.Release|Any CPU.Build.0 = Release|Any CPU
		{522DBFE8-CC57-48F1-9DCB-23F305050C86}.Debug|Any CPU.ActiveCfg = Debug|Any CPU
		{522DBFE8-CC57-48F1-9DCB-23F305050C86}.Debug|Any CPU.Build.0 = Debug|Any CPU
		{522DBFE8-CC57-48F1-9DCB-23F305050C86}.Release|Any CPU.ActiveCfg = Release|Any CPU
		{522DBFE8-CC57-48F1-9DCB-23F305050C86}.Release|Any CPU.Build.0 = Release|Any CPU
		{B7B4D148-BE77-42BC-990B-F4C5F9DFF62F}.Debug|Any CPU.ActiveCfg = Debug|Any CPU
		{B7B4D148-BE77-42BC-990B-F4C5F9DFF62F}.Debug|Any CPU.Build.0 = Debug|Any CPU
		{B7B4D148-BE77-42BC-990B-F4C5F9DFF62F}.Release|Any CPU.ActiveCfg = Release|Any CPU
		{B7B4D148-BE77-42BC-990B-F4C5F9DFF62F}.Release|Any CPU.Build.0 = Release|Any CPU
	EndGlobalSection
	GlobalSection(SolutionProperties) = preSolution
		HideSolutionNode = FALSE
	EndGlobalSection
	GlobalSection(ExtensibilityGlobals) = postSolution
		SolutionGuid = {6B373843-B4D6-4072-BEC9-35523E2E6294}
	EndGlobalSection
EndGlobal
